
Microsoft Visual Studio Solution File, Format Version 12.00
# Visual Studio Version 16
VisualStudioVersion = 16.0.29326.143
MinimumVisualStudioVersion = 10.0.40219.1
Project("{FAE04EC0-301F-11D3-BF4B-00C04F79EFBC}") = "Daterangepicker", "Daterangepicker\Daterangepicker.csproj", "{496F1D99-293A-49BC-BA14-2995CD266AA6}"
EndProject
Global
	GlobalSection(SolutionConfigurationPlatforms) = preSolution
		Debug|Any CPU = Debug|Any CPU
		Release|Any CPU = Release|Any CPU
	EndGlobalSection
	GlobalSection(ProjectConfigurationPlatforms) = postSolution
		{496F1D99-293A-49BC-BA14-2995CD266AA6}.Debug|Any CPU.ActiveCfg = Debug|Any CPU
		{496F1D99-293A-49BC-BA14-2995CD266AA6}.Debug|Any CPU.Build.0 = Debug|Any CPU
		{496F1D99-293A-49BC-BA14-2995CD266AA6}.Release|Any CPU.ActiveCfg = Release|Any CPU
		{496F1D99-293A-49BC-BA14-2995CD266AA6}.Release|Any CPU.Build.0 = Release|Any CPU
	EndGlobalSection
	GlobalSection(SolutionProperties) = preSolution
		HideSolutionNode = FALSE
	EndGlobalSection
	GlobalSection(ExtensibilityGlobals) = postSolution
		SolutionGuid = {BBB4BE37-70C4-426F-9EDE-D30C259A7617}
	EndGlobalSection
EndGlobal
